# Generated by buf. DO NOT EDIT.
version: v1
deps:
  - remote: buf.build
    owner: cosmos
    repository: cosmos-proto
    commit: 04467658e59e44bbb22fe568206e1f70
    digest: shake256:73a640bd60e0c523b0f8237ff34eab67c45a38b64bbbde1d80224819d272dbf316ac183526bd245f994af6608b025f5130483d0133c5edd385531326b5990466
  - remote: buf.build
    owner: cosmos
    repository: cosmos-sdk
    commit: 05419252bcc241ea8023acf1ed4cadc5
    digest: shake256:1e54a48c19a8b59d35e0a7efa76402939f515f2d8005df099856f24c37c20a52800308f025abb8cffcd014d437b49707388aaca4865d9d063d8f25d5d4eb77d5
  - remote: buf.build
    owner: cosmos
    repository: gogo-proto
    commit: 88ef6483f90f478fb938c37dde52ece3
    digest: shake256:89c45df2aa11e0cff97b0d695436713db3d993d76792e9f8dc1ae90e6ab9a9bec55503d48ceedd6b86069ab07d3041b32001b2bfe0227fa725dd515ff381e5ba
  - remote: buf.build
    owner: cosmos
    repository: ibc
    commit: 41fbc441e4d645119d275150719c5441
    digest: shake256:a61d3e152909abddc91dcc1aec8ac997007bebd48a7921bc243681c708e6c9068f6484aa7ed4e6ff60101d3422c98744a4a5294bbda6aacdba07f1dfa4291020
  - remote: buf.build
    owner: cosmos
    repository: ics23
    commit: d2ad30d1af0e4e978fa1f5c143acf63b
    digest: shake256:000ea62514f7d507c96905d70ef11d16b8f8f32fda5a75def40d4130058af0174142ed3cd6c4a89c5fdb3cbf138277d771d86eeb6992f054d13a82556a2ff079
  - remote: buf.build
    owner: cosmos
    repository: interchain-security
    commit: 8fc5152665434255aab6555c3cb0a3a8
    digest: shake256:e59aa9a929160b104dff9e79907e3b17322609161f93c89b7ffefc77befdd3bd727aaae0d77d6c2d089cf8734e07ab8d136de4dad39c484c7bf957636176760e
  - remote: buf.build
    owner: cosmwasm
    repository: wasmd
    commit: 5af8ba5098c74f67b7e900e1c6c3dcdf
    digest: shake256:e270738e4950538ca149674972f8f0a8243bb795c7c5d2b5807348fec5aae42ddb646827ef08dd200ed65a4be0ab450162d48f1f5d0dae9446696ccb286b90db
  - remote: buf.build
    owner: googleapis
    repository: googleapis
    commit: e7f8d366f5264595bcc4cd4139af9973
    digest: shake256:e5e5f1c12f82e028ea696faa43b4f9dc6258a6d1226282962a8c8b282e10946281d815884f574bd279ebd9cd7588629beb3db17b892af6c33b56f92f8f67f509
  - remote: buf.build
    owner: protocolbuffers
    repository: wellknowntypes
    commit: d59b7d45e69d4e129a1b797e2766f067
    digest: shake256:e4bb315f5a90aace88fe39709c831eda8eb0ce66b4cf947065888100b9867c2eb9a0f61f6b8d73c51b1fcccdfe8611090f55ce5db1aee6901ec9b4e6d8fa8e52
  - remote: buf.build
    owner: tendermint
    repository: tendermint
    commit: 33ed361a90514289beabf3189e1d7665
    digest: shake256:038267e06294714fd883610626554b04a127b576b4e253befb4206cb72d5d3c1eeccacd4b9ec8e3fb891f7c14e1cb0f770c077d2989638995b0a61c85afedb1d
